{
  "version": 4,
  "terraform_version": "1.11.4",
  "serial": 5,
  "lineage": "5706fb78-6588-86a5-7ef4-24c2932a3d8c",
  "outputs": {},
  "resources": [
    {
      "mode": "managed",
      "type": "google_compute_network",
      "name": "vpc",
      "provider": "provider[\"registry.terraform.io/hashicorp/google\"]",
      "instances": [
        {
          "schema_version": 0,
          "attributes": {
            "auto_create_subnetworks": false,
            "delete_default_routes_on_create": false,
            "description": "VPC for DevOps toolchain GKE cluster",
            "enable_ula_internal_ipv6": false,
            "gateway_ipv4": "",
            "id": "projects/devops-toolchain-456502/global/networks/devops-toolchain-vp",
            "internal_ipv6_range": "",
            "mtu": 1460,
            "name": "devops-toolchain-vp",
            "network_firewall_policy_enforcement_order": "AFTER_CLASSIC_FIREWALL",
            "project": "devops-toolchain-456502",
            "routing_mode": "REGIONAL",
            "self_link": "https://www.googleapis.com/compute/v1/projects/devops-toolchain-456502/global/networks/devops-toolchain-vp",
            "timeouts": {
              "create": null,
              "delete": null,
              "update": null
            }
          },
          "sensitive_attributes": [],
          "private": "eyJlMmJmYjczMC1lY2FhLTExZTYtOGY4OC0zNDM2M2JjN2M0YzAiOnsiY3JlYXRlIjoxMjAwMDAwMDAwMDAwLCJkZWxldGUiOjEyMDAwMDAwMDAwMDAsInVwZGF0ZSI6MTIwMDAwMDAwMDAwMH0sInNjaGVtYV92ZXJzaW9uIjoiMCJ9"
        }
      ]
    },
    {
      "mode": "managed",
      "type": "google_compute_subnetwork",
      "name": "subnet",
      "provider": "provider[\"registry.terraform.io/hashicorp/google\"]",
      "instances": [
        {
          "schema_version": 0,
          "attributes": {
            "creation_timestamp": "2025-04-12T13:58:02.105-07:00",
            "description": "",
            "external_ipv6_prefix": "",
            "fingerprint": null,
            "gateway_address": "10.0.0.1",
            "id": "projects/devops-toolchain-456502/regions/us-central1/subnetworks/devops-toolchain-subne",
            "internal_ipv6_prefix": "",
            "ip_cidr_range": "10.0.0.0/20",
            "ipv6_access_type": "",
            "ipv6_cidr_range": "",
            "log_config": [],
            "name": "devops-toolchain-subne",
            "network": "https://www.googleapis.com/compute/v1/projects/devops-toolchain-456502/global/networks/devops-toolchain-vp",
            "private_ip_google_access": true,
            "private_ipv6_google_access": "DISABLE_GOOGLE_ACCESS",
            "project": "devops-toolchain-456502",
            "purpose": "PRIVATE",
            "region": "us-central1",
            "role": "",
            "secondary_ip_range": [
              {
                "ip_cidr_range": "10.8.0.0/14",
                "range_name": "gke-devops-toolchain-cluster-pods-cbbdf5fe"
              }
            ],
            "self_link": "https://www.googleapis.com/compute/v1/projects/devops-toolchain-456502/regions/us-central1/subnetworks/devops-toolchain-subne",
            "stack_type": "IPV4_ONLY",
            "timeouts": {
              "create": null,
              "delete": null,
              "update": null
            }
          },
          "sensitive_attributes": [],
          "private": "eyJlMmJmYjczMC1lY2FhLTExZTYtOGY4OC0zNDM2M2JjN2M0YzAiOnsiY3JlYXRlIjoxMjAwMDAwMDAwMDAwLCJkZWxldGUiOjEyMDAwMDAwMDAwMDAsInVwZGF0ZSI6MTIwMDAwMDAwMDAwMH0sInNjaGVtYV92ZXJzaW9uIjoiMCJ9"
        }
      ]
    },
    {
      "mode": "managed",
      "type": "google_container_cluster",
      "name": "primary",
      "provider": "provider[\"registry.terraform.io/hashicorp/google\"]",
      "instances": [
        {
          "schema_version": 1,
          "attributes": {
            "addons_config": [
              {
                "cloudrun_config": [],
                "config_connector_config": [],
                "dns_cache_config": [
                  {
                    "enabled": false
                  }
                ],
                "gce_persistent_disk_csi_driver_config": [
                  {
                    "enabled": true
                  }
                ],
                "gcp_filestore_csi_driver_config": [],
                "gcs_fuse_csi_driver_config": [
                  {
                    "enabled": false
                  }
                ],
                "gke_backup_agent_config": [],
                "horizontal_pod_autoscaling": [
                  {
                    "disabled": false
                  }
                ],
                "http_load_balancing": [
                  {
                    "disabled": false
                  }
                ],
                "network_policy_config": [
                  {
                    "disabled": true
                  }
                ]
              }
            ],
            "allow_net_admin": null,
            "authenticator_groups_config": [
              {
                "security_group": ""
              }
            ],
            "binary_authorization": [
              {
                "enabled": false,
                "evaluation_mode": "DISABLED"
              }
            ],
            "cluster_autoscaling": [
              {
                "auto_provisioning_defaults": [],
                "enabled": false,
                "resource_limits": []
              }
            ],
            "cluster_ipv4_cidr": "10.8.0.0/14",
            "confidential_nodes": [],
            "cost_management_config": [],
            "database_encryption": [
              {
                "key_name": "",
                "state": "DECRYPTED"
              }
            ],
            "datapath_provider": "LEGACY_DATAPATH",
            "default_max_pods_per_node": 110,
            "default_snat_status": [
              {
                "disabled": false
              }
            ],
            "description": "",
            "dns_config": [],
            "enable_autopilot": false,
            "enable_binary_authorization": false,
            "enable_intranode_visibility": false,
            "enable_k8s_beta_apis": [],
            "enable_kubernetes_alpha": false,
            "enable_l4_ilb_subsetting": false,
            "enable_legacy_abac": false,
            "enable_shielded_nodes": true,
            "enable_tpu": false,
            "endpoint": "34.136.113.95",
            "gateway_api_config": [],
            "id": "projects/devops-toolchain-456502/locations/us-central1/clusters/devops-toolchain-cluster",
            "initial_node_count": 0,
            "ip_allocation_policy": [
              {
                "additional_pod_ranges_config": [],
                "cluster_ipv4_cidr_block": "10.8.0.0/14",
                "cluster_secondary_range_name": "gke-devops-toolchain-cluster-pods-cbbdf5fe",
                "pod_cidr_overprovision_config": [
                  {
                    "disabled": false
                  }
                ],
                "services_ipv4_cidr_block": "34.118.224.0/20",
                "services_secondary_range_name": "",
                "stack_type": "IPV4"
              }
            ],
            "label_fingerprint": "a9dc16a7",
            "location": "us-central1",
            "logging_config": [
              {
                "enable_components": [
                  "SYSTEM_COMPONENTS",
                  "WORKLOADS"
                ]
              }
            ],
            "logging_service": "logging.googleapis.com/kubernetes",
            "maintenance_policy": [
              {
                "daily_maintenance_window": [],
                "maintenance_exclusion": [],
                "recurring_window": [
                  {
                    "end_time": "2025-04-13T18:30:47Z",
                    "recurrence": "FREQ=WEEKLY;BYDAY=MO,TU,WE,TH,FR,SA,SU",
                    "start_time": "2025-04-12T18:30:47Z"
                  }
                ]
              }
            ],
            "master_auth": [
              {
                "client_certificate": "",
                "client_certificate_config": [
                  {
                    "issue_client_certificate": false
                  }
                ],
                "client_key": "",
                "cluster_ca_certificate": "LS0tLS1CRUdJTiBDRVJUSUZJQ0FURS0tLS0tCk1JSUVMVENDQXBXZ0F3SUJBZ0lSQU5QTDhmUXk0T3dyVzZreXplaGZvSUl3RFFZSktvWklodmNOQVFFTEJRQXcKTHpFdE1Dc0dBMVVFQXhNa05HVTRZVFkyTmpVdFltTXpOQzAwWVdFd0xXSXhZVGd0TVRoaU4yWXdPVEk1TXpNMgpNQ0FYRFRJMU1EUXhNakl3TURnME1Wb1lEekl3TlRVd05EQTFNakV3T0RReFdqQXZNUzB3S3dZRFZRUURFeVEwClpUaGhOalkyTlMxaVl6TTBMVFJoWVRBdFlqRmhPQzB4T0dJM1pqQTVNamt6TXpZd2dnR2lNQTBHQ1NxR1NJYjMKRFFFQkFRVUFBNElCandBd2dnR0tBb0lCZ1FEQ2l3WjFkS0NMSUZTWUNpbW1DUG1MUUJDS2YvL0tlcnNSdHE3NgpxZHVaZzNBNTZpaVB0NU5uaTZabDdSK0kxcnpNcXlSZGZKVGVKLzc4dUdHenhjWjA0RHp1cUpKUk54UXoxZ00rCnBJRTR5V0JCdlR0aDBWS1B0SDF5eWdyMkN2SGkxZVFxcjZPb1AvQ1lLaHg2cWtDTHorZlV3YXIxL3RiMVVPem8KODdmb1JCd3h0SnV5V21DaENrZTk1UWJqSGQvT3RySWpBMmd4Zk50Y2dEaTVvV0VFOCtwWXAvVGZkWTN2SmppOQp2RTlQeWdGTFQ5Rkp5WmhvS2MvOGhCSnN4UTI3VUJTWmtVRDU5OGVCNWJPT3Y1WTNpUi9xY2ZselpNTnlZcEllCjZKTjFHYW95Y1NrOTZqQ0dDbkYxNnhnMkZ0MG5kdlJJZzU1ZVZjeHpwODNVTmxLWWRXNlJSOERqR3ZnMFRPc1gKeUF6SGZjOTU1ejYxeEJ3RVBSdGRDUmZ6bXdqcE5mYUxHRFVYMHBhRU10cEpJRHRNZ1VTQ1hhdzNCd08wRXkyWgpFZXVFZzRMTEp3U0xtUlE3VkZJMktBL0NyVHIvcDI2bStrdUxTTXF4Ymp1VHZBWUZWa0FWd2VLMksyQy9QWmYyCjdCaEJLTG1FNDZXVWZXRU41enhQaEZPUk1RRUNBd0VBQWFOQ01FQXdEZ1lEVlIwUEFRSC9CQVFEQWdJRU1BOEcKQTFVZEV3RUIvd1FGTUFNQkFmOHdIUVlEVlIwT0JCWUVGS0NBbzdFVEdtK3BnampRYTFlaXNXUTRlWG5WTUEwRwpDU3FHU0liM0RRRUJDd1VBQTRJQmdRQmcxU0R6VHUwYkpua0VTZnBqaDlMTXBoaUhSRzVsRzVQbkRBT3g2T1NRCjBrNWlMU1lKdjNsTGNyRytTMkhQN09UTnJTaklMcEVBT1d4a3czWWo0V1p6WDdXSlZ2aFIra1dTNUE5a1kyc00KY1BWdUtSMkh1OHNxSy9DdUdzZXNpektyRytxMlVrazIwVTBIMTJ2RnRjV3BuLzNTdmVrUkhabVZ2WVB0dGtHTQpDN1pOKzk4VWpubGltdjhTTkM5d2RyNHJLOEVmYzZ3RFF2VjNOR09BOVp5dk0wT0N6TlVrT3BRakp1L3drdFpJCndPaEpHRlRoN3ZxVGtqREVadmRwcTI4RnBCU0ZKTTdaeHBxZHpxS3dWekxleWFlZUVEVUgxVHljMVdoMlBpWWoKaXpKYkVjRnh5bHRqY0E3OVlqVWhWK3pRY2lYOFQrcEc0QWxGWVdWb1Y0QmZhcUxsOFMrQUxrTmZTcUhTWW1McQpDZ0krZEFKNk80VUtYQkRuamw5RUFMTUl4b2ZxZkU3Wm5kUnhXMEdrSVpLZE5kN3Nlb0xIbGRHSHQzN3B2Zk1LCjN5c05UMjM4eHpxMmJJNEtFckVRRTkzVE9QRHUvcGZHNEQveVVqV1NSekhPaTEwN0JyditZY01ZU0xjVUwzWlcKWldBR1dBTVJidER5NFBqZ3JKZzlPSHc9Ci0tLS0tRU5EIENFUlRJRklDQVRFLS0tLS0K"
              }
            ],
            "master_authorized_networks_config": [],
            "master_version": "1.31.6-gke.1020000",
            "mesh_certificates": [],
            "min_master_version": null,
            "monitoring_config": [
              {
                "advanced_datapath_observability_config": [
                  {
                    "enable_metrics": false,
                    "relay_mode": ""
                  }
                ],
                "enable_components": [
                  "SYSTEM_COMPONENTS",
                  "STORAGE",
                  "POD",
                  "DEPLOYMENT",
                  "STATEFULSET",
                  "DAEMONSET",
                  "HPA",
                  "CADVISOR",
                  "KUBELET"
                ],
                "managed_prometheus": [
                  {
                    "enabled": true
                  }
                ]
              }
            ],
            "monitoring_service": "monitoring.googleapis.com/kubernetes",
            "name": "devops-toolchain-cluster",
            "network": "projects/devops-toolchain-456502/global/networks/devops-toolchain-vp",
            "network_policy": [
              {
                "enabled": false,
                "provider": "PROVIDER_UNSPECIFIED"
              }
            ],
            "networking_mode": "VPC_NATIVE",
            "node_config": [
              {
                "advanced_machine_features": [
                  {
                    "threads_per_core": 0
                  }
                ],
                "boot_disk_kms_key": "",
                "confidential_nodes": [],
                "disk_size_gb": 100,
                "disk_type": "pd-standard",
                "ephemeral_storage_local_ssd_config": [],
                "fast_socket": [],
                "gcfs_config": [],
                "guest_accelerator": [],
                "gvnic": [],
                "host_maintenance_policy": [],
                "image_type": "COS_CONTAINERD",
                "kubelet_config": [
                  {
                    "cpu_cfs_quota": false,
                    "cpu_cfs_quota_period": "",
                    "cpu_manager_policy": "",
                    "pod_pids_limit": 0
                  }
                ],
                "labels": {},
                "linux_node_config": [],
                "local_nvme_ssd_block_config": [],
                "local_ssd_count": 0,
                "logging_variant": "DEFAULT",
                "machine_type": "e2-standard-4",
                "metadata": {
                  "disable-legacy-endpoints": "true"
                },
                "min_cpu_platform": "",
                "node_group": "",
                "oauth_scopes": [
                  "https://www.googleapis.com/auth/cloud-platform",
                  "https://www.googleapis.com/auth/userinfo.email"
                ],
                "preemptible": false,
                "reservation_affinity": [],
                "resource_labels": {
                  "goog-gke-node-pool-provisioning-model": "on-demand"
                },
                "service_account": "devops-sa@devops-toolchain-456502.iam.gserviceaccount.com",
                "shielded_instance_config": [
                  {
                    "enable_integrity_monitoring": true,
                    "enable_secure_boot": false
                  }
                ],
                "sole_tenant_config": [],
                "spot": false,
                "tags": [],
                "taint": [],
                "workload_metadata_config": [
                  {
                    "mode": "GKE_METADATA"
                  }
                ]
              }
            ],
            "node_locations": [
              "us-central1-a",
              "us-central1-b",
              "us-central1-c"
            ],
            "node_pool": [
              {
                "autoscaling": [],
                "initial_node_count": 1,
                "instance_group_urls": [
                  "https://www.googleapis.com/compute/v1/projects/devops-toolchain-456502/zones/us-central1-a/instanceGroupManagers/gke-devops-toolchain-clu-default-pool-e28bbb0b-grp",
                  "https://www.googleapis.com/compute/v1/projects/devops-toolchain-456502/zones/us-central1-b/instanceGroupManagers/gke-devops-toolchain-clu-default-pool-54eb7e28-grp",
                  "https://www.googleapis.com/compute/v1/projects/devops-toolchain-456502/zones/us-central1-c/instanceGroupManagers/gke-devops-toolchain-clu-default-pool-c34ee389-grp"
                ],
                "managed_instance_group_urls": [
                  "https://www.googleapis.com/compute/v1/projects/devops-toolchain-456502/zones/us-central1-a/instanceGroups/gke-devops-toolchain-clu-default-pool-e28bbb0b-grp",
                  "https://www.googleapis.com/compute/v1/projects/devops-toolchain-456502/zones/us-central1-b/instanceGroups/gke-devops-toolchain-clu-default-pool-54eb7e28-grp",
                  "https://www.googleapis.com/compute/v1/projects/devops-toolchain-456502/zones/us-central1-c/instanceGroups/gke-devops-toolchain-clu-default-pool-c34ee389-grp"
                ],
                "management": [
                  {
                    "auto_repair": true,
                    "auto_upgrade": true
                  }
                ],
                "max_pods_per_node": 110,
                "name": "default-pool",
                "name_prefix": "",
                "network_config": [
                  {
                    "create_pod_range": false,
                    "enable_private_nodes": true,
                    "pod_cidr_overprovision_config": [],
                    "pod_ipv4_cidr_block": "10.8.0.0/14",
                    "pod_range": "gke-devops-toolchain-cluster-pods-cbbdf5fe"
                  }
                ],
                "node_config": [
                  {
                    "advanced_machine_features": [
                      {
                        "threads_per_core": 0
                      }
                    ],
                    "boot_disk_kms_key": "",
                    "confidential_nodes": [],
                    "disk_size_gb": 100,
                    "disk_type": "pd-standard",
                    "ephemeral_storage_local_ssd_config": [],
                    "fast_socket": [],
                    "gcfs_config": [],
                    "guest_accelerator": [],
                    "gvnic": [],
                    "host_maintenance_policy": [],
                    "image_type": "COS_CONTAINERD",
                    "kubelet_config": [
                      {
                        "cpu_cfs_quota": false,
                        "cpu_cfs_quota_period": "",
                        "cpu_manager_policy": "",
                        "pod_pids_limit": 0
                      }
                    ],
                    "labels": {},
                    "linux_node_config": [],
                    "local_nvme_ssd_block_config": [],
                    "local_ssd_count": 0,
                    "logging_variant": "DEFAULT",
                    "machine_type": "e2-standard-4",
                    "metadata": {
                      "disable-legacy-endpoints": "true"
                    },
                    "min_cpu_platform": "",
                    "node_group": "",
                    "oauth_scopes": [
                      "https://www.googleapis.com/auth/cloud-platform",
                      "https://www.googleapis.com/auth/userinfo.email"
                    ],
                    "preemptible": false,
                    "reservation_affinity": [],
                    "resource_labels": {
                      "goog-gke-node-pool-provisioning-model": "on-demand"
                    },
                    "service_account": "devops-sa@devops-toolchain-456502.iam.gserviceaccount.com",
                    "shielded_instance_config": [
                      {
                        "enable_integrity_monitoring": true,
                        "enable_secure_boot": false
                      }
                    ],
                    "sole_tenant_config": [],
                    "spot": false,
                    "tags": [],
                    "taint": [],
                    "workload_metadata_config": [
                      {
                        "mode": "GKE_METADATA"
                      }
                    ]
                  }
                ],
                "node_count": 1,
                "node_locations": [
                  "us-central1-a",
                  "us-central1-b",
                  "us-central1-c"
                ],
                "placement_policy": [],
                "upgrade_settings": [
                  {
                    "blue_green_settings": [],
                    "max_surge": 1,
                    "max_unavailable": 0,
                    "strategy": "SURGE"
                  }
                ],
                "version": "1.31.6-gke.1020000"
              },
              {
                "autoscaling": [],
                "initial_node_count": 1,
                "instance_group_urls": [
                  "https://www.googleapis.com/compute/v1/projects/devops-toolchain-456502/zones/us-central1-a/instanceGroupManagers/gke-devops-toolchain-clust-tools-pool-e545c5a2-grp",
                  "https://www.googleapis.com/compute/v1/projects/devops-toolchain-456502/zones/us-central1-b/instanceGroupManagers/gke-devops-toolchain-clust-tools-pool-587c9513-grp",
                  "https://www.googleapis.com/compute/v1/projects/devops-toolchain-456502/zones/us-central1-c/instanceGroupManagers/gke-devops-toolchain-clust-tools-pool-ea9be575-grp"
                ],
                "managed_instance_group_urls": [
                  "https://www.googleapis.com/compute/v1/projects/devops-toolchain-456502/zones/us-central1-a/instanceGroups/gke-devops-toolchain-clust-tools-pool-e545c5a2-grp",
                  "https://www.googleapis.com/compute/v1/projects/devops-toolchain-456502/zones/us-central1-b/instanceGroups/gke-devops-toolchain-clust-tools-pool-587c9513-grp",
                  "https://www.googleapis.com/compute/v1/projects/devops-toolchain-456502/zones/us-central1-c/instanceGroups/gke-devops-toolchain-clust-tools-pool-ea9be575-grp"
                ],
                "management": [
                  {
                    "auto_repair": true,
                    "auto_upgrade": true
                  }
                ],
                "max_pods_per_node": 110,
                "name": "tools-pool",
                "name_prefix": "",
                "network_config": [
                  {
                    "create_pod_range": false,
                    "enable_private_nodes": true,
                    "pod_cidr_overprovision_config": [],
                    "pod_ipv4_cidr_block": "10.8.0.0/14",
                    "pod_range": "gke-devops-toolchain-cluster-pods-cbbdf5fe"
                  }
                ],
                "node_config": [
                  {
                    "advanced_machine_features": [
                      {
                        "threads_per_core": 0
                      }
                    ],
                    "boot_disk_kms_key": "",
                    "confidential_nodes": [],
                    "disk_size_gb": 100,
                    "disk_type": "pd-standard",
                    "ephemeral_storage_local_ssd_config": [],
                    "fast_socket": [],
                    "gcfs_config": [],
                    "guest_accelerator": [],
                    "gvnic": [],
                    "host_maintenance_policy": [],
                    "image_type": "COS_CONTAINERD",
                    "kubelet_config": [
                      {
                        "cpu_cfs_quota": false,
                        "cpu_cfs_quota_period": "",
                        "cpu_manager_policy": "",
                        "pod_pids_limit": 0
                      }
                    ],
                    "labels": {},
                    "linux_node_config": [],
                    "local_nvme_ssd_block_config": [],
                    "local_ssd_count": 0,
                    "logging_variant": "DEFAULT",
                    "machine_type": "e2-standard-4",
                    "metadata": {
                      "disable-legacy-endpoints": "true"
                    },
                    "min_cpu_platform": "",
                    "node_group": "",
                    "oauth_scopes": [
                      "https://www.googleapis.com/auth/cloud-platform",
                      "https://www.googleapis.com/auth/userinfo.email"
                    ],
                    "preemptible": false,
                    "reservation_affinity": [],
                    "resource_labels": {
                      "goog-gke-node-pool-provisioning-model": "on-demand",
                      "pool": "tools"
                    },
                    "service_account": "devops-sa@devops-toolchain-456502.iam.gserviceaccount.com",
                    "shielded_instance_config": [
                      {
                        "enable_integrity_monitoring": true,
                        "enable_secure_boot": true
                      }
                    ],
                    "sole_tenant_config": [],
                    "spot": false,
                    "tags": [],
                    "taint": [
                      {
                        "effect": "NO_SCHEDULE",
                        "key": "dedicated",
                        "value": "tools"
                      }
                    ],
                    "workload_metadata_config": [
                      {
                        "mode": "GKE_METADATA"
                      }
                    ]
                  }
                ],
                "node_count": 1,
                "node_locations": [
                  "us-central1-a",
                  "us-central1-b",
                  "us-central1-c"
                ],
                "placement_policy": [],
                "upgrade_settings": [
                  {
                    "blue_green_settings": [],
                    "max_surge": 1,
                    "max_unavailable": 0,
                    "strategy": "SURGE"
                  }
                ],
                "version": "1.31.6-gke.1020000"
              }
            ],
            "node_pool_auto_config": [
              {
                "network_tags": []
              }
            ],
            "node_pool_defaults": [
              {
                "node_config_defaults": [
                  {
                    "logging_variant": "DEFAULT"
                  }
                ]
              }
            ],
            "node_version": "1.31.6-gke.1020000",
            "notification_config": [
              {
                "pubsub": [
                  {
                    "enabled": false,
                    "filter": [],
                    "topic": ""
                  }
                ]
              }
            ],
            "operation": null,
            "private_cluster_config": [
              {
                "enable_private_endpoint": false,
                "enable_private_nodes": true,
                "master_global_access_config": [
                  {
                    "enabled": false
                  }
                ],
                "master_ipv4_cidr_block": "",
                "peering_name": "",
                "private_endpoint": "10.0.0.2",
                "private_endpoint_subnetwork": "",
                "public_endpoint": "34.136.113.95"
              }
            ],
            "private_ipv6_google_access": "",
            "project": "devops-toolchain-456502",
            "release_channel": [
              {
                "channel": "REGULAR"
              }
            ],
            "remove_default_node_pool": null,
            "resource_labels": {},
            "resource_usage_export_config": [],
            "security_posture_config": [
              {
                "mode": "BASIC",
                "vulnerability_mode": "VULNERABILITY_DISABLED"
              }
            ],
            "self_link": "https://container.googleapis.com/v1/projects/devops-toolchain-456502/locations/us-central1/clusters/devops-toolchain-cluster",
            "service_external_ips_config": [
              {
                "enabled": false
              }
            ],
            "services_ipv4_cidr": "34.118.224.0/20",
            "subnetwork": "projects/devops-toolchain-456502/regions/us-central1/subnetworks/devops-toolchain-subne",
            "timeouts": {
              "create": null,
              "delete": null,
              "read": null,
              "update": null
            },
            "tpu_ipv4_cidr_block": "",
            "vertical_pod_autoscaling": [],
            "workload_identity_config": [
              {
                "workload_pool": "devops-toolchain-456502.svc.id.goog"
              }
            ]
          },
          "sensitive_attributes": [
            [
              {
                "type": "get_attr",
                "value": "master_auth"
              },
              {
                "type": "index",
                "value": {
                  "value": 0,
                  "type": "number"
                }
              },
              {
                "type": "get_attr",
                "value": "client_key"
              }
            ]
          ],
          "private": "eyJlMmJmYjczMC1lY2FhLTExZTYtOGY4OC0zNDM2M2JjN2M0YzAiOnsiY3JlYXRlIjoyNDAwMDAwMDAwMDAwLCJkZWxldGUiOjI0MDAwMDAwMDAwMDAsInJlYWQiOjI0MDAwMDAwMDAwMDAsInVwZGF0ZSI6MzYwMDAwMDAwMDAwMH0sInNjaGVtYV92ZXJzaW9uIjoiMSJ9"
        }
      ]
    },
    {
      "mode": "managed",
      "type": "google_container_node_pool",
      "name": "primary_nodes",
      "provider": "provider[\"registry.terraform.io/hashicorp/google\"]",
      "instances": [
        {
          "schema_version": 1,
          "attributes": {
            "autoscaling": [],
            "cluster": "devops-toolchain-cluster",
            "id": "projects/devops-toolchain-456502/locations/us-central1/clusters/devops-toolchain-cluster/nodePools/default-pool",
            "initial_node_count": 1,
            "instance_group_urls": [
              "https://www.googleapis.com/compute/v1/projects/devops-toolchain-456502/zones/us-central1-a/instanceGroupManagers/gke-devops-toolchain-clu-default-pool-e28bbb0b-grp",
              "https://www.googleapis.com/compute/v1/projects/devops-toolchain-456502/zones/us-central1-b/instanceGroupManagers/gke-devops-toolchain-clu-default-pool-54eb7e28-grp",
              "https://www.googleapis.com/compute/v1/projects/devops-toolchain-456502/zones/us-central1-c/instanceGroupManagers/gke-devops-toolchain-clu-default-pool-c34ee389-grp"
            ],
            "location": "us-central1",
            "managed_instance_group_urls": [
              "https://www.googleapis.com/compute/v1/projects/devops-toolchain-456502/zones/us-central1-a/instanceGroups/gke-devops-toolchain-clu-default-pool-e28bbb0b-grp",
              "https://www.googleapis.com/compute/v1/projects/devops-toolchain-456502/zones/us-central1-b/instanceGroups/gke-devops-toolchain-clu-default-pool-54eb7e28-grp",
              "https://www.googleapis.com/compute/v1/projects/devops-toolchain-456502/zones/us-central1-c/instanceGroups/gke-devops-toolchain-clu-default-pool-c34ee389-grp"
            ],
            "management": [
              {
                "auto_repair": true,
                "auto_upgrade": true
              }
            ],
            "max_pods_per_node": 110,
            "name": "default-pool",
            "name_prefix": "",
            "network_config": [
              {
                "create_pod_range": false,
                "enable_private_nodes": true,
                "pod_cidr_overprovision_config": [],
                "pod_ipv4_cidr_block": "10.8.0.0/14",
                "pod_range": "gke-devops-toolchain-cluster-pods-cbbdf5fe"
              }
            ],
            "node_config": [
              {
                "advanced_machine_features": [
                  {
                    "threads_per_core": 0
                  }
                ],
                "boot_disk_kms_key": "",
                "confidential_nodes": [],
                "disk_size_gb": 100,
                "disk_type": "pd-standard",
                "ephemeral_storage_local_ssd_config": [],
                "fast_socket": [],
                "gcfs_config": [],
                "guest_accelerator": [],
                "gvnic": [],
                "host_maintenance_policy": [],
                "image_type": "COS_CONTAINERD",
                "kubelet_config": [
                  {
                    "cpu_cfs_quota": false,
                    "cpu_cfs_quota_period": "",
                    "cpu_manager_policy": "",
                    "pod_pids_limit": 0
                  }
                ],
                "labels": {},
                "linux_node_config": [],
                "local_nvme_ssd_block_config": [],
                "local_ssd_count": 0,
                "logging_variant": "DEFAULT",
                "machine_type": "e2-standard-4",
                "metadata": {
                  "disable-legacy-endpoints": "true"
                },
                "min_cpu_platform": "",
                "node_group": "",
                "oauth_scopes": [
                  "https://www.googleapis.com/auth/cloud-platform",
                  "https://www.googleapis.com/auth/userinfo.email"
                ],
                "preemptible": false,
                "reservation_affinity": [],
                "resource_labels": {
                  "goog-gke-node-pool-provisioning-model": "on-demand"
                },
                "service_account": "devops-sa@devops-toolchain-456502.iam.gserviceaccount.com",
                "shielded_instance_config": [
                  {
                    "enable_integrity_monitoring": true,
                    "enable_secure_boot": false
                  }
                ],
                "sole_tenant_config": [],
                "spot": false,
                "tags": [],
                "taint": [],
                "workload_metadata_config": [
                  {
                    "mode": "GKE_METADATA"
                  }
                ]
              }
            ],
            "node_count": 1,
            "node_locations": [
              "us-central1-a",
              "us-central1-b",
              "us-central1-c"
            ],
            "operation": null,
            "placement_policy": [],
            "project": "devops-toolchain-456502",
            "timeouts": {
              "create": null,
              "delete": null,
              "update": null
            },
            "upgrade_settings": [
              {
                "blue_green_settings": [],
                "max_surge": 1,
                "max_unavailable": 0,
                "strategy": "SURGE"
              }
            ],
            "version": "1.31.6-gke.1020000"
          },
          "sensitive_attributes": [],
          "private": "eyJlMmJmYjczMC1lY2FhLTExZTYtOGY4OC0zNDM2M2JjN2M0YzAiOnsiY3JlYXRlIjoxODAwMDAwMDAwMDAwLCJkZWxldGUiOjE4MDAwMDAwMDAwMDAsInVwZGF0ZSI6MTgwMDAwMDAwMDAwMH0sInNjaGVtYV92ZXJzaW9uIjoiMSJ9"
        }
      ]
    },
    {
      "mode": "managed",
      "type": "google_service_account",
      "name": "gke_nodes_sa",
      "provider": "provider[\"registry.terraform.io/hashicorp/google\"]",
      "instances": [
        {
          "schema_version": 0,
          "attributes": {
            "account_id": "devops-sa",
            "description": "",
            "disabled": false,
            "display_name": "DevOps Service Account",
            "email": "devops-sa@devops-toolchain-456502.iam.gserviceaccount.com",
            "id": "projects/devops-toolchain-456502/serviceAccounts/devops-sa@devops-toolchain-456502.iam.gserviceaccount.com",
            "member": "serviceAccount:devops-sa@devops-toolchain-456502.iam.gserviceaccount.com",
            "name": "projects/devops-toolchain-456502/serviceAccounts/devops-sa@devops-toolchain-456502.iam.gserviceaccount.com",
            "project": "devops-toolchain-456502",
            "timeouts": {
              "create": null
            },
            "unique_id": "112284966337378106116"
          },
          "sensitive_attributes": [],
          "private": "eyJlMmJmYjczMC1lY2FhLTExZTYtOGY4OC0zNDM2M2JjN2M0YzAiOnsiY3JlYXRlIjozMDAwMDAwMDAwMDB9LCJzY2hlbWFfdmVyc2lvbiI6IjAifQ=="
        }
      ]
    }
  ],
  "check_results": null
}
